<?xml version="1.0" encoding="utf-8"?>
<Project ToolsVersion="4.0" xmlns="http://schemas.microsoft.com/developer/msbuild/2003">
  <ItemGroup>
    <Filter Include="Source Files">
      <UniqueIdentifier>{4FC737F1-C7A5-4376-A066-2A32D752A2FF}</UniqueIdentifier>
      <Extensions>cpp;c;cc;cxx;def;odl;idl;hpj;bat;asm;asmx</Extensions>
    </Filter>
    <Filter Include="Header Files">
      <UniqueIdentifier>{93995380-89BD-4b04-88EB-625FBE52EBFB}</UniqueIdentifier>
      <Extensions>h;hh;hpp;hxx;hm;inl;inc;ipp;xsd</Extensions>
    </Filter>
    <Filter Include="Resource Files">
      <UniqueIdentifier>{67DA6AB6-F800-4c08-8B7A-83BB121AAD01}</UniqueIdentifier>
      <Extensions>rc;ico;cur;bmp;dlg;rc2;rct;bin;rgs;gif;jpg;jpeg;jpe;resx;tiff;tif;png;wav;mfcribbon-ms</Extensions>
    </Filter>
    <Filter Include="Header Files\entities">
      <UniqueIdentifier>{02ee3904-9f8a-4ba0-92ec-67796913a136}</UniqueIdentifier>
    </Filter>
    <Filter Include="Header Files\data_layer">
      <UniqueIdentifier>{eac17677-d3f7-49fd-b5fa-3490b81a2a9a}</UniqueIdentifier>
    </Filter>
    <Filter Include="Header Files\services">
      <UniqueIdentifier>{86057db8-cb28-41ec-bad1-62efe2c62e32}</UniqueIdentifier>
    </Filter>
    <Filter Include="Header Files\commands">
      <UniqueIdentifier>{10046980-1dec-478b-af91-a772a50607a5}</UniqueIdentifier>
    </Filter>
    <Filter Include="Header Files\data_layer\serializers">
      <UniqueIdentifier>{73d3162f-b0bf-4a7f-9bdd-fe719be3917b}</UniqueIdentifier>
    </Filter>
    <Filter Include="Header Files\data_layer\repositories">
      <UniqueIdentifier>{396dd033-757e-42b0-a777-e53f903079e2}</UniqueIdentifier>
    </Filter>
    <Filter Include="Source Files\data_layer">
      <UniqueIdentifier>{5e110fda-cb78-4bd5-a884-fdd53155ff05}</UniqueIdentifier>
    </Filter>
    <Filter Include="Source Files\data_layer\repositories">
      <UniqueIdentifier>{116d1f7e-1cec-4360-a7da-cf96a9c76727}</UniqueIdentifier>
    </Filter>
    <Filter Include="Source Files\data_layer\serializers">
      <UniqueIdentifier>{cc6e52e7-15f8-4ab6-bb62-545b106d1e5e}</UniqueIdentifier>
    </Filter>
    <Filter Include="Header Files\types">
      <UniqueIdentifier>{85b5203d-de68-4f8f-9589-c59ee70a0cf9}</UniqueIdentifier>
    </Filter>
    <Filter Include="Source Files\types">
      <UniqueIdentifier>{de9f54e4-4ee7-4c47-8938-6bb6d377af01}</UniqueIdentifier>
    </Filter>
    <Filter Include="Header Files\tools">
      <UniqueIdentifier>{19391825-d360-4a69-9a60-415bd9743606}</UniqueIdentifier>
    </Filter>
    <Filter Include="Header Files\tools\settings">
      <UniqueIdentifier>{6c104dcf-fff7-4ed2-80ac-98e37064ca1d}</UniqueIdentifier>
    </Filter>
  </ItemGroup>
  <ItemGroup>
    <ClCompile Include="subscriptionsapp.cpp">
      <Filter>Source Files</Filter>
    </ClCompile>
    <ClCompile Include="card_serializer.cpp">
      <Filter>Source Files\data_layer\serializers</Filter>
    </ClCompile>
    <ClCompile Include="card_repository.cpp">
      <Filter>Source Files\data_layer\repositories</Filter>
    </ClCompile>
    <ClCompile Include="location_serializer.cpp">
      <Filter>Source Files\data_layer\serializers</Filter>
    </ClCompile>
    <ClCompile Include="date_time.cpp">
      <Filter>Source Files\types</Filter>
    </ClCompile>
    <ClCompile Include="card_subs_history_serializer.cpp">
      <Filter>Source Files\data_layer\serializers</Filter>
    </ClCompile>
    <ClCompile Include="card_subscription_serializer.cpp">
      <Filter>Source Files\data_layer\serializers</Filter>
    </ClCompile>
    <ClCompile Include="subscription_serializer.cpp">
      <Filter>Source Files\data_layer\serializers</Filter>
    </ClCompile>
    <ClCompile Include="card_subs_history_repository.cpp">
      <Filter>Source Files\data_layer\repositories</Filter>
    </ClCompile>
    <ClCompile Include="card_subscription_repository.cpp">
      <Filter>Source Files\data_layer\repositories</Filter>
    </ClCompile>
    <ClCompile Include="subscription_repository.cpp">
      <Filter>Source Files\data_layer\repositories</Filter>
    </ClCompile>
    <ClCompile Include="location_repository.cpp">
      <Filter>Source Files\data_layer\repositories</Filter>
    </ClCompile>
    <ClCompile Include="file_repository_uow.cpp">
      <Filter>Source Files\data_layer</Filter>
    </ClCompile>
    <ClCompile Include="app_setting_manager.cpp">
      <Filter>Source Files</Filter>
    </ClCompile>
    <ClCompile Include="app_settings_initializer.cpp">
      <Filter>Source Files</Filter>
    </ClCompile>
  </ItemGroup>
  <ItemGroup>
    <ClInclude Include="card.h">
      <Filter>Header Files\entities</Filter>
    </ClInclude>
    <ClInclude Include="serializer.h">
      <Filter>Header Files\data_layer\serializers</Filter>
    </ClInclude>
    <ClInclude Include="card_serializer.h">
      <Filter>Header Files\data_layer\serializers</Filter>
    </ClInclude>
    <ClInclude Include="file_provider.h">
      <Filter>Header Files\data_layer</Filter>
    </ClInclude>
    <ClInclude Include="card_repository.h">
      <Filter>Header Files\data_layer\repositories</Filter>
    </ClInclude>
    <ClInclude Include="repository_base.h">
      <Filter>Header Files\data_layer\repositories</Filter>
    </ClInclude>
    <ClInclude Include="repository_uow.h">
      <Filter>Header Files\data_layer</Filter>
    </ClInclude>
    <ClInclude Include="file_repository_uow.h">
      <Filter>Header Files\data_layer</Filter>
    </ClInclude>
    <ClInclude Include="location.h">
      <Filter>Header Files\entities</Filter>
    </ClInclude>
    <ClInclude Include="date_time.h">
      <Filter>Header Files\types</Filter>
    </ClInclude>
    <ClInclude Include="subscription.h">
      <Filter>Header Files\entities</Filter>
    </ClInclude>
    <ClInclude Include="location_serializer.h">
      <Filter>Header Files\data_layer\serializers</Filter>
    </ClInclude>
    <ClInclude Include="entity_base.h">
      <Filter>Header Files\entities</Filter>
    </ClInclude>
    <ClInclude Include="card_subscription.h">
      <Filter>Header Files\entities</Filter>
    </ClInclude>
    <ClInclude Include="card_subs_history.h">
      <Filter>Header Files\entities</Filter>
    </ClInclude>
    <ClInclude Include="subscription_serializer.h">
      <Filter>Header Files\data_layer\serializers</Filter>
    </ClInclude>
    <ClInclude Include="card_subscription_serializer.h">
      <Filter>Header Files\data_layer\serializers</Filter>
    </ClInclude>
    <ClInclude Include="card_subs_history_serializer.h">
      <Filter>Header Files\data_layer\serializers</Filter>
    </ClInclude>
    <ClInclude Include="subscription_repository.h">
      <Filter>Header Files\data_layer\repositories</Filter>
    </ClInclude>
    <ClInclude Include="card_subscription_repository.h">
      <Filter>Header Files\data_layer\repositories</Filter>
    </ClInclude>
    <ClInclude Include="card_subs_history_repository.h">
      <Filter>Header Files\data_layer\repositories</Filter>
    </ClInclude>
    <ClInclude Include="test_data.h">
      <Filter>Header Files</Filter>
    </ClInclude>
    <ClInclude Include="location_repository.h">
      <Filter>Header Files\data_layer\repositories</Filter>
    </ClInclude>
    <ClInclude Include="app_setting.h">
      <Filter>Header Files\tools\settings</Filter>
    </ClInclude>
    <ClInclude Include="app_setting_manager.h">
      <Filter>Header Files\tools\settings</Filter>
    </ClInclude>
    <ClInclude Include="string_helpers.h">
      <Filter>Header Files\tools</Filter>
    </ClInclude>
    <ClInclude Include="app_setting_keys.h">
      <Filter>Header Files\tools\settings</Filter>
    </ClInclude>
    <ClInclude Include="app_settings_initializer.h">
      <Filter>Header Files\tools\settings</Filter>
    </ClInclude>
  </ItemGroup>
</Project>